
Microsoft Visual Studio Solution File, Format Version 12.00
# Visual Studio Version 16
VisualStudioVersion = 16.0.31729.503
MinimumVisualStudioVersion = 10.0.40219.1
Project("{FAE04EC0-301F-11D3-BF4B-00C04F79EFBC}") = "abaevapppps", "abaevapppps.csproj", "{DDFEFEC2-3893-4320-8165-3793670A31EE}"
EndProject
Global
	GlobalSection(SolutionConfigurationPlatforms) = preSolution
		Debug|Any CPU = Debug|Any CPU
		Release|Any CPU = Release|Any CPU
	EndGlobalSection
	GlobalSection(ProjectConfigurationPlatforms) = postSolution
		{DDFEFEC2-3893-4320-8165-3793670A31EE}.Debug|Any CPU.ActiveCfg = Debug|Any CPU
		{DDFEFEC2-3893-4320-8165-3793670A31EE}.Debug|Any CPU.Build.0 = Debug|Any CPU
		{DDFEFEC2-3893-4320-8165-3793670A31EE}.Release|Any CPU.ActiveCfg = Release|Any CPU
		{DDFEFEC2-3893-4320-8165-3793670A31EE}.Release|Any CPU.Build.0 = Release|Any CPU
	EndGlobalSection
	GlobalSection(SolutionProperties) = preSolution
		HideSolutionNode = FALSE
	EndGlobalSection
	GlobalSection(ExtensibilityGlobals) = postSolution
		SolutionGuid = {C149ED07-3C6A-47E9-8B8F-B2B8276459DB}
	EndGlobalSection
EndGlobal
